
Microsoft Visual Studio Solution File, Format Version 12.00
# Visual Studio Version 17
VisualStudioVersion = 17.14.36705.20
MinimumVisualStudioVersion = 10.0.40219.1
Project("{FAE04EC0-301F-11D3-BF4B-00C04F79EFBC}") = "Reports", "Reports\Reports.csproj", "{E644064A-FCF9-4C4C-86CA-E8749BE33D33}"
EndProject
Project("{FAE04EC0-301F-11D3-BF4B-00C04F79EFBC}") = "Model", "Model\Model.csproj", "{6B128B54-6D56-4B82-AA31-45227FC72C6D}"
EndProject
Project("{FAE04EC0-301F-11D3-BF4B-00C04F79EFBC}") = "ViewModel", "ViewModel\ViewModel.csproj", "{D39F3825-19D2-4944-902E-4382D055A2B1}"
EndProject
Project("{FAE04EC0-301F-11D3-BF4B-00C04F79EFBC}") = "View", "View\View.csproj", "{3B937620-E8B5-485D-B5BB-CC364A47772D}"
EndProject
Project("{FAE04EC0-301F-11D3-BF4B-00C04F79EFBC}") = "Testing", "Testing\Testing.csproj", "{CDA15CBC-0798-4167-8C97-A4184DB25F07}"
EndProject
Global
	GlobalSection(SolutionConfigurationPlatforms) = preSolution
		Debug|Any CPU = Debug|Any CPU
		Release|Any CPU = Release|Any CPU
	EndGlobalSection
	GlobalSection(ProjectConfigurationPlatforms) = postSolution
		{E644064A-FCF9-4C4C-86CA-E8749BE33D33}.Debug|Any CPU.ActiveCfg = Debug|Any CPU
		{E644064A-FCF9-4C4C-86CA-E8749BE33D33}.Debug|Any CPU.Build.0 = Debug|Any CPU
		{E644064A-FCF9-4C4C-86CA-E8749BE33D33}.Release|Any CPU.ActiveCfg = Release|Any CPU
		{E644064A-FCF9-4C4C-86CA-E8749BE33D33}.Release|Any CPU.Build.0 = Release|Any CPU
		{6B128B54-6D56-4B82-AA31-45227FC72C6D}.Debug|Any CPU.ActiveCfg = Debug|Any CPU
		{6B128B54-6D56-4B82-AA31-45227FC72C6D}.Debug|Any CPU.Build.0 = Debug|Any CPU
		{6B128B54-6D56-4B82-AA31-45227FC72C6D}.Release|Any CPU.ActiveCfg = Release|Any CPU
		{6B128B54-6D56-4B82-AA31-45227FC72C6D}.Release|Any CPU.Build.0 = Release|Any CPU
		{D39F3825-19D2-4944-902E-4382D055A2B1}.Debug|Any CPU.ActiveCfg = Debug|Any CPU
		{D39F3825-19D2-4944-902E-4382D055A2B1}.Debug|Any CPU.Build.0 = Debug|Any CPU
		{D39F3825-19D2-4944-902E-4382D055A2B1}.Release|Any CPU.ActiveCfg = Release|Any CPU
		{D39F3825-19D2-4944-902E-4382D055A2B1}.Release|Any CPU.Build.0 = Release|Any CPU
		{3B937620-E8B5-485D-B5BB-CC364A47772D}.Debug|Any CPU.ActiveCfg = Debug|Any CPU
		{3B937620-E8B5-485D-B5BB-CC364A47772D}.Debug|Any CPU.Build.0 = Debug|Any CPU
		{3B937620-E8B5-485D-B5BB-CC364A47772D}.Release|Any CPU.ActiveCfg = Release|Any CPU
		{3B937620-E8B5-485D-B5BB-CC364A47772D}.Release|Any CPU.Build.0 = Release|Any CPU
		{CDA15CBC-0798-4167-8C97-A4184DB25F07}.Debug|Any CPU.ActiveCfg = Debug|Any CPU
		{CDA15CBC-0798-4167-8C97-A4184DB25F07}.Debug|Any CPU.Build.0 = Debug|Any CPU
		{CDA15CBC-0798-4167-8C97-A4184DB25F07}.Release|Any CPU.ActiveCfg = Release|Any CPU
		{CDA15CBC-0798-4167-8C97-A4184DB25F07}.Release|Any CPU.Build.0 = Release|Any CPU
	EndGlobalSection
	GlobalSection(SolutionProperties) = preSolution
		HideSolutionNode = FALSE
	EndGlobalSection
	GlobalSection(ExtensibilityGlobals) = postSolution
		SolutionGuid = {8487A3B5-4B8A-4C07-817D-55A340847F7B}
	EndGlobalSection
EndGlobal
